
Microsoft Visual Studio Solution File, Format Version 12.00
# Visual Studio Version 17
VisualStudioVersion = 17.8.34511.84
MinimumVisualStudioVersion = 10.0.40219.1
Project("{FAE04EC0-301F-11D3-BF4B-00C04F79EFBC}") = "esercizioW17D5", "esercizioW17D5\esercizioW17D5.csproj", "{47BDCBB3-7DBB-4B66-970C-FFC7E41350C5}"
EndProject
Global
	GlobalSection(SolutionConfigurationPlatforms) = preSolution
		Debug|Any CPU = Debug|Any CPU
		Release|Any CPU = Release|Any CPU
	EndGlobalSection
	GlobalSection(ProjectConfigurationPlatforms) = postSolution
		{47BDCBB3-7DBB-4B66-970C-FFC7E41350C5}.Debug|Any CPU.ActiveCfg = Debug|Any CPU
		{47BDCBB3-7DBB-4B66-970C-FFC7E41350C5}.Debug|Any CPU.Build.0 = Debug|Any CPU
		{47BDCBB3-7DBB-4B66-970C-FFC7E41350C5}.Release|Any CPU.ActiveCfg = Release|Any CPU
		{47BDCBB3-7DBB-4B66-970C-FFC7E41350C5}.Release|Any CPU.Build.0 = Release|Any CPU
	EndGlobalSection
	GlobalSection(SolutionProperties) = preSolution
		HideSolutionNode = FALSE
	EndGlobalSection
	GlobalSection(ExtensibilityGlobals) = postSolution
		SolutionGuid = {F6B811A8-8E33-4AC6-89AB-6A0F93F990CE}
	EndGlobalSection
EndGlobal
